
Microsoft Visual Studio Solution File, Format Version 12.00
# Visual Studio Version 17
VisualStudioVersion = 17.0.32014.148
MinimumVisualStudioVersion = 10.0.40219.1
Project("{9A19103F-16F7-4668-BE54-9A1E7A4F7556}") = "Cycle1.WebApi", "Cycle1.WebApi\Cycle1.WebApi.csproj", "{0E925A7C-E308-4AD6-A06D-55E5F3989592}"
EndProject
Project("{9A19103F-16F7-4668-BE54-9A1E7A4F7556}") = "Cycle1.WebApi.Controllers", "Cycle1.WebApi.Controllers\Cycle1.WebApi.Controllers.csproj", "{3D465509-C0DA-42AC-8671-36D2C186FD70}"
EndProject
Project("{9A19103F-16F7-4668-BE54-9A1E7A4F7556}") = "Cycle1.WebApi.Core", "Cycle1.WebApi.Core\Cycle1.WebApi.Core.csproj", "{D0B45E46-593D-4464-B277-FF4812B7D40E}"
EndProject
Project("{9A19103F-16F7-4668-BE54-9A1E7A4F7556}") = "Library.Mvc", "Library.Mvc\Library.Mvc.csproj", "{FE6E888C-F657-4AA2-8F78-F5A55BD68BF1}"
EndProject
Project("{9A19103F-16F7-4668-BE54-9A1E7A4F7556}") = "Library", "Library\Library.csproj", "{F0318778-46F5-41C1-B81C-533D2CB12611}"
EndProject
Project("{9A19103F-16F7-4668-BE54-9A1E7A4F7556}") = "Cycle1.WebApi.Core.Test", "Cycle1.WebApi.Core.Test\Cycle1.WebApi.Core.Test.csproj", "{18A65839-DDA3-4605-A99E-2E398EDD716F}"
EndProject
Project("{2150E333-8FDC-42A3-9474-1A3956D46DE8}") = "Cycle1", "Cycle1", "{E4C49C80-6047-49BE-890F-07ACE82C0280}"
EndProject
Project("{2150E333-8FDC-42A3-9474-1A3956D46DE8}") = "Libraries", "Libraries", "{A840AAF5-E4E6-49DF-8135-228146EDC7A2}"
EndProject
Project("{2150E333-8FDC-42A3-9474-1A3956D46DE8}") = "Shared", "Shared", "{684D928B-A3E2-445F-ABEC-9E211196C5CC}"
EndProject
Project("{2150E333-8FDC-42A3-9474-1A3956D46DE8}") = "Tests", "Tests", "{57FD4472-48C5-406D-915F-75FB75712C3F}"
EndProject
Project("{FAE04EC0-301F-11D3-BF4B-00C04F79EFBC}") = "Shared.WebApi.Controllers", "Shared.WebApi.Controllers\Shared.WebApi.Controllers.csproj", "{02B35A00-902A-4127-A9DB-72D94A114220}"
EndProject
Project("{FAE04EC0-301F-11D3-BF4B-00C04F79EFBC}") = "Shared.WebApi.Core", "Shared.WebApi.Core\Shared.WebApi.Core.csproj", "{C1A9E7B7-75AD-4A1D-B280-9F709DE89857}"
EndProject
Project("{FAE04EC0-301F-11D3-BF4B-00C04F79EFBC}") = "Shared.WebApi.Dal.MySql", "Shared.WebApi.Dal.MySql\Shared.WebApi.Dal.MySql.csproj", "{19FBA1F2-544E-4FA4-B594-9B92BDAF7D81}"
EndProject
Project("{FAE04EC0-301F-11D3-BF4B-00C04F79EFBC}") = "Cycle1.WebApi.Dal.MySql", "Cycle1.WebApi.Dal.MySql\Cycle1.WebApi.Dal.MySql.csproj", "{AEEDD5CD-882D-40A2-9E32-B9991FA7E550}"
EndProject
Global
	GlobalSection(SolutionConfigurationPlatforms) = preSolution
		Debug|Any CPU = Debug|Any CPU
		Release|Any CPU = Release|Any CPU
	EndGlobalSection
	GlobalSection(ProjectConfigurationPlatforms) = postSolution
		{0E925A7C-E308-4AD6-A06D-55E5F3989592}.Debug|Any CPU.ActiveCfg = Debug|Any CPU
		{0E925A7C-E308-4AD6-A06D-55E5F3989592}.Debug|Any CPU.Build.0 = Debug|Any CPU
		{0E925A7C-E308-4AD6-A06D-55E5F3989592}.Release|Any CPU.ActiveCfg = Release|Any CPU
		{0E925A7C-E308-4AD6-A06D-55E5F3989592}.Release|Any CPU.Build.0 = Release|Any CPU
		{3D465509-C0DA-42AC-8671-36D2C186FD70}.Debug|Any CPU.ActiveCfg = Debug|Any CPU
		{3D465509-C0DA-42AC-8671-36D2C186FD70}.Debug|Any CPU.Build.0 = Debug|Any CPU
		{3D465509-C0DA-42AC-8671-36D2C186FD70}.Release|Any CPU.ActiveCfg = Release|Any CPU
		{3D465509-C0DA-42AC-8671-36D2C186FD70}.Release|Any CPU.Build.0 = Release|Any CPU
		{D0B45E46-593D-4464-B277-FF4812B7D40E}.Debug|Any CPU.ActiveCfg = Debug|Any CPU
		{D0B45E46-593D-4464-B277-FF4812B7D40E}.Debug|Any CPU.Build.0 = Debug|Any CPU
		{D0B45E46-593D-4464-B277-FF4812B7D40E}.Release|Any CPU.ActiveCfg = Release|Any CPU
		{D0B45E46-593D-4464-B277-FF4812B7D40E}.Release|Any CPU.Build.0 = Release|Any CPU
		{FE6E888C-F657-4AA2-8F78-F5A55BD68BF1}.Debug|Any CPU.ActiveCfg = Debug|Any CPU
		{FE6E888C-F657-4AA2-8F78-F5A55BD68BF1}.Debug|Any CPU.Build.0 = Debug|Any CPU
		{FE6E888C-F657-4AA2-8F78-F5A55BD68BF1}.Release|Any CPU.ActiveCfg = Release|Any CPU
		{FE6E888C-F657-4AA2-8F78-F5A55BD68BF1}.Release|Any CPU.Build.0 = Release|Any CPU
		{F0318778-46F5-41C1-B81C-533D2CB12611}.Debug|Any CPU.ActiveCfg = Debug|Any CPU
		{F0318778-46F5-41C1-B81C-533D2CB12611}.Debug|Any CPU.Build.0 = Debug|Any CPU
		{F0318778-46F5-41C1-B81C-533D2CB12611}.Release|Any CPU.ActiveCfg = Release|Any CPU
		{F0318778-46F5-41C1-B81C-533D2CB12611}.Release|Any CPU.Build.0 = Release|Any CPU
		{18A65839-DDA3-4605-A99E-2E398EDD716F}.Debug|Any CPU.ActiveCfg = Debug|Any CPU
		{18A65839-DDA3-4605-A99E-2E398EDD716F}.Debug|Any CPU.Build.0 = Debug|Any CPU
		{18A65839-DDA3-4605-A99E-2E398EDD716F}.Release|Any CPU.ActiveCfg = Release|Any CPU
		{18A65839-DDA3-4605-A99E-2E398EDD716F}.Release|Any CPU.Build.0 = Release|Any CPU
		{02B35A00-902A-4127-A9DB-72D94A114220}.Debug|Any CPU.ActiveCfg = Debug|Any CPU
		{02B35A00-902A-4127-A9DB-72D94A114220}.Debug|Any CPU.Build.0 = Debug|Any CPU
		{02B35A00-902A-4127-A9DB-72D94A114220}.Release|Any CPU.ActiveCfg = Release|Any CPU
		{02B35A00-902A-4127-A9DB-72D94A114220}.Release|Any CPU.Build.0 = Release|Any CPU
		{C1A9E7B7-75AD-4A1D-B280-9F709DE89857}.Debug|Any CPU.ActiveCfg = Debug|Any CPU
		{C1A9E7B7-75AD-4A1D-B280-9F709DE89857}.Debug|Any CPU.Build.0 = Debug|Any CPU
		{C1A9E7B7-75AD-4A1D-B280-9F709DE89857}.Release|Any CPU.ActiveCfg = Release|Any CPU
		{C1A9E7B7-75AD-4A1D-B280-9F709DE89857}.Release|Any CPU.Build.0 = Release|Any CPU
		{19FBA1F2-544E-4FA4-B594-9B92BDAF7D81}.Debug|Any CPU.ActiveCfg = Debug|Any CPU
		{19FBA1F2-544E-4FA4-B594-9B92BDAF7D81}.Debug|Any CPU.Build.0 = Debug|Any CPU
		{19FBA1F2-544E-4FA4-B594-9B92BDAF7D81}.Release|Any CPU.ActiveCfg = Release|Any CPU
		{19FBA1F2-544E-4FA4-B594-9B92BDAF7D81}.Release|Any CPU.Build.0 = Release|Any CPU
		{AEEDD5CD-882D-40A2-9E32-B9991FA7E550}.Debug|Any CPU.ActiveCfg = Debug|Any CPU
		{AEEDD5CD-882D-40A2-9E32-B9991FA7E550}.Debug|Any CPU.Build.0 = Debug|Any CPU
		{AEEDD5CD-882D-40A2-9E32-B9991FA7E550}.Release|Any CPU.ActiveCfg = Release|Any CPU
		{AEEDD5CD-882D-40A2-9E32-B9991FA7E550}.Release|Any CPU.Build.0 = Release|Any CPU
	EndGlobalSection
	GlobalSection(SolutionProperties) = preSolution
		HideSolutionNode = FALSE
	EndGlobalSection
	GlobalSection(NestedProjects) = preSolution
		{3D465509-C0DA-42AC-8671-36D2C186FD70} = {E4C49C80-6047-49BE-890F-07ACE82C0280}
		{D0B45E46-593D-4464-B277-FF4812B7D40E} = {E4C49C80-6047-49BE-890F-07ACE82C0280}
		{FE6E888C-F657-4AA2-8F78-F5A55BD68BF1} = {A840AAF5-E4E6-49DF-8135-228146EDC7A2}
		{F0318778-46F5-41C1-B81C-533D2CB12611} = {A840AAF5-E4E6-49DF-8135-228146EDC7A2}
		{18A65839-DDA3-4605-A99E-2E398EDD716F} = {57FD4472-48C5-406D-915F-75FB75712C3F}
		{57FD4472-48C5-406D-915F-75FB75712C3F} = {E4C49C80-6047-49BE-890F-07ACE82C0280}
		{02B35A00-902A-4127-A9DB-72D94A114220} = {684D928B-A3E2-445F-ABEC-9E211196C5CC}
		{C1A9E7B7-75AD-4A1D-B280-9F709DE89857} = {684D928B-A3E2-445F-ABEC-9E211196C5CC}
		{19FBA1F2-544E-4FA4-B594-9B92BDAF7D81} = {684D928B-A3E2-445F-ABEC-9E211196C5CC}
		{AEEDD5CD-882D-40A2-9E32-B9991FA7E550} = {E4C49C80-6047-49BE-890F-07ACE82C0280}
	EndGlobalSection
	GlobalSection(ExtensibilityGlobals) = postSolution
		SolutionGuid = {1C941BE5-635C-46CB-92C6-562561CC4FAB}
	EndGlobalSection
EndGlobal
